# This file is autogenerated, do not edit; changes may be undone by the next 'dep ensure'.


[[projects]]
  branch = "master"
  digest = "1:7500ba3e722746451ac382ff9186c20a07d8b7862a691e76cf813da8abf15c65"
  name = "github.com/go-telegram-bot-api/telegram-bot-api"
  packages = ["."]
  pruneopts = "UT"
  revision = "b33efeebc78563cfeddf19563781cffb16aaabdf"

[[projects]]
  digest = "1:6c50203decf37072534fe5199a59e5c4ff52eeb80e1da5816339de5b95c807d6"
  name = "github.com/jasonlvhit/gocron"
  packages = ["."]
  pruneopts = "UT"
  revision = "7ef3bafdc25c3ba768c70cf058acc83bb1535ab2"

[[projects]]
  digest = "1:ee780c2838219eedc4146248ddf9b82bb6a4a344425ee1aeb9f0d6eb8435614d"
  name = "github.com/lib/pq"
  packages = [
    ".",
    "oid",
    "scram"
  ]
  pruneopts = "UT"
  revision = "78223426e7c66d631117c0a9da1b7f3fde4d23a5"

[[projects]]
  digest = "1:420817f94b6c172dabb8a054d0b2d257d7437a87c7c8c7ee432bc008a577fc46"
  name = "github.com/technoweenie/multipartstreamer"
  packages = ["."]
  pruneopts = "UT"
  revision = "a90a01d73ae432e2611d178c18367fbaa13e0154"
  version = "v1.0.1"

[solve-meta]
  analyzer-name = "dep"
  analyzer-version = 1
  input-imports = [
    "github.com/go-telegram-bot-api/telegram-bot-api",
    "github.com/jasonlvhit/gocron",
    "github.com/lib/pq"
  ]
  solver-name = "gps-cdcl"
  solver-version = 1
